Microsoft Visual Studio Solution File, Format Version 12.00
# Visual Studio Version 17
VisualStudioVersion = 17.5.2.0
MinimumVisualStudioVersion = 10.0.40219.1
Project("{FAE04EC0-301F-11D3-BF4B-00C04F79EFBC}") = "StartEvent-API", "StartEvent-API\StartEvent-API.csproj", "{9E5E625D-6938-0E13-D7EC-0EEA0CBBC96D}"
EndProject
Global
	GlobalSection(SolutionConfigurationPlatforms) = preSolution
		Debug|Any CPU = Debug|Any CPU
		Release|Any CPU = Release|Any CPU
	EndGlobalSection
	GlobalSection(ProjectConfigurationPlatforms) = postSolution
		{9E5E625D-6938-0E13-D7EC-0EEA0CBBC96D}.Debug|Any CPU.ActiveCfg = Debug|Any CPU
		{9E5E625D-6938-0E13-D7EC-0EEA0CBBC96D}.Debug|Any CPU.Build.0 = Debug|Any CPU
		{9E5E625D-6938-0E13-D7EC-0EEA0CBBC96D}.Release|Any CPU.ActiveCfg = Release|Any CPU
		{9E5E625D-6938-0E13-D7EC-0EEA0CBBC96D}.Release|Any CPU.Build.0 = Release|Any CPU
	EndGlobalSection
	GlobalSection(SolutionProperties) = preSolution
		HideSolutionNode = FALSE
	EndGlobalSection
	GlobalSection(ExtensibilityGlobals) = postSolution
		SolutionGuid = {55AC50DD-A7CF-412B-906F-AB359B5AFAAB}
	EndGlobalSection
EndGlobal
